
Microsoft Visual Studio Solution File, Format Version 12.00
# Visual Studio 15
Project("{FAE04EC0-301F-11D3-BF4B-00C04F79EFBC}") = "Assembly-CSharp", "Assembly-CSharp.csproj", "{79E842A1-3BB1-2530-078D-EB80EE57B139}"
EndProject
Project("{FAE04EC0-301F-11D3-BF4B-00C04F79EFBC}") = "Assembly-CSharp-Editor", "Assembly-CSharp-Editor.csproj", "{DA3D5CBD-8F45-317A-B1DD-9040F0BC2B10}"
EndProject
Global
	GlobalSection(SolutionConfigurationPlatforms) = preSolution
		Debug|Any CPU = Debug|Any CPU
		Release|Any CPU = Release|Any CPU
	EndGlobalSection
	GlobalSection(ProjectConfigurationPlatforms) = postSolution
		{79E842A1-3BB1-2530-078D-EB80EE57B139}.Debug|Any CPU.ActiveCfg = Debug|Any CPU
		{79E842A1-3BB1-2530-078D-EB80EE57B139}.Debug|Any CPU.Build.0 = Debug|Any CPU
		{79E842A1-3BB1-2530-078D-EB80EE57B139}.Release|Any CPU.ActiveCfg = Release|Any CPU
		{79E842A1-3BB1-2530-078D-EB80EE57B139}.Release|Any CPU.Build.0 = Release|Any CPU
		{DA3D5CBD-8F45-317A-B1DD-9040F0BC2B10}.Debug|Any CPU.ActiveCfg = Debug|Any CPU
		{DA3D5CBD-8F45-317A-B1DD-9040F0BC2B10}.Debug|Any CPU.Build.0 = Debug|Any CPU
		{DA3D5CBD-8F45-317A-B1DD-9040F0BC2B10}.Release|Any CPU.ActiveCfg = Release|Any CPU
		{DA3D5CBD-8F45-317A-B1DD-9040F0BC2B10}.Release|Any CPU.Build.0 = Release|Any CPU
	EndGlobalSection
	GlobalSection(SolutionProperties) = preSolution
		HideSolutionNode = FALSE
	EndGlobalSection
EndGlobal
