
Microsoft Visual Studio Solution File, Format Version 12.00
# Visual Studio 15
Project("{FAE04EC0-301F-11D3-BF4B-00C04F79EFBC}") = "Assembly-CSharp", "Assembly-CSharp.csproj", "{A2D8FBDF-6E43-6505-92E2-18023339B160}"
EndProject
Project("{FAE04EC0-301F-11D3-BF4B-00C04F79EFBC}") = "Assembly-CSharp-Editor", "Assembly-CSharp-Editor.csproj", "{D23C7952-320F-62A5-BF2E-7406F2AFC036}"
EndProject
Global
	GlobalSection(SolutionConfigurationPlatforms) = preSolution
		Debug|Any CPU = Debug|Any CPU
		Release|Any CPU = Release|Any CPU
	EndGlobalSection
	GlobalSection(ProjectConfigurationPlatforms) = postSolution
		{A2D8FBDF-6E43-6505-92E2-18023339B160}.Debug|Any CPU.ActiveCfg = Debug|Any CPU
		{A2D8FBDF-6E43-6505-92E2-18023339B160}.Debug|Any CPU.Build.0 = Debug|Any CPU
		{A2D8FBDF-6E43-6505-92E2-18023339B160}.Release|Any CPU.ActiveCfg = Release|Any CPU
		{A2D8FBDF-6E43-6505-92E2-18023339B160}.Release|Any CPU.Build.0 = Release|Any CPU
		{D23C7952-320F-62A5-BF2E-7406F2AFC036}.Debug|Any CPU.ActiveCfg = Debug|Any CPU
		{D23C7952-320F-62A5-BF2E-7406F2AFC036}.Debug|Any CPU.Build.0 = Debug|Any CPU
		{D23C7952-320F-62A5-BF2E-7406F2AFC036}.Release|Any CPU.ActiveCfg = Release|Any CPU
		{D23C7952-320F-62A5-BF2E-7406F2AFC036}.Release|Any CPU.Build.0 = Release|Any CPU
	EndGlobalSection
	GlobalSection(SolutionProperties) = preSolution
		HideSolutionNode = FALSE
	EndGlobalSection
EndGlobal
